
Microsoft Visual Studio Solution File, Format Version 12.00
# Visual Studio Version 17
VisualStudioVersion = 17.5.33414.496
MinimumVisualStudioVersion = 10.0.40219.1
Project("{888888A0-9F3D-457C-B088-3A5042F75D52}") = "Deliverable8", "Deliverable8\Deliverable8.pyproj", "{7FBFF208-1156-448C-ACEA-83D780B93D34}"
EndProject
Global
	GlobalSection(SolutionConfigurationPlatforms) = preSolution
		Debug|Any CPU = Debug|Any CPU
		Release|Any CPU = Release|Any CPU
	EndGlobalSection
	GlobalSection(ProjectConfigurationPlatforms) = postSolution
		{7FBFF208-1156-448C-ACEA-83D780B93D34}.Debug|Any CPU.ActiveCfg = Debug|Any CPU
		{7FBFF208-1156-448C-ACEA-83D780B93D34}.Release|Any CPU.ActiveCfg = Release|Any CPU
	EndGlobalSection
	GlobalSection(SolutionProperties) = preSolution
		HideSolutionNode = FALSE
	EndGlobalSection
	GlobalSection(ExtensibilityGlobals) = postSolution
		SolutionGuid = {FAC80864-8D52-49C5-B082-8FA66DE7462F}
	EndGlobalSection
EndGlobal
